
Microsoft Visual Studio Solution File, Format Version 12.00
# Visual Studio 15
VisualStudioVersion = 15.0.27703.2035
MinimumVisualStudioVersion = 10.0.40219.1
Project("{FAE04EC0-301F-11D3-BF4B-00C04F79EFBC}") = "PMV Tool", "PMV Tool\PMV Tool.csproj", "{0EA109BB-E37E-47DF-A433-DA981696F635}"
EndProject
Global
	GlobalSection(SolutionConfigurationPlatforms) = preSolution
		Debug|Any CPU = Debug|Any CPU
		Release|Any CPU = Release|Any CPU
	EndGlobalSection
	GlobalSection(ProjectConfigurationPlatforms) = postSolution
		{0EA109BB-E37E-47DF-A433-DA981696F635}.Debug|Any CPU.ActiveCfg = Debug|Any CPU
		{0EA109BB-E37E-47DF-A433-DA981696F635}.Debug|Any CPU.Build.0 = Debug|Any CPU
		{0EA109BB-E37E-47DF-A433-DA981696F635}.Release|Any CPU.ActiveCfg = Release|Any CPU
		{0EA109BB-E37E-47DF-A433-DA981696F635}.Release|Any CPU.Build.0 = Release|Any CPU
	EndGlobalSection
	GlobalSection(SolutionProperties) = preSolution
		HideSolutionNode = FALSE
	EndGlobalSection
	GlobalSection(ExtensibilityGlobals) = postSolution
		SolutionGuid = {BB874246-35F0-4CB8-A041-A63876F2ACD4}
	EndGlobalSection
EndGlobal
